// !$*UTF8*$!
{
	archiveVersion = 1;
	classes = {
	};
	objectVersion = 56;
	objects = {

/* Begin PBXBuildFile section */
		E665C7882B5995B500CD046B /* maxdemoApp.swift in Sources */ = {isa = PBXBuildFile; fileRef = E665C7872B5995B500CD046B /* maxdemoApp.swift */; };
		E665C78A2B5995B500CD046B /* ContentView.swift in Sources */ = {isa = PBXBuildFile; fileRef = E665C7892B5995B500CD046B /* ContentView.swift */; };
		E665C78C2B5995B900CD046B /* Assets.xcassets in Resources */ = {isa = PBXBuildFile; fileRef = E665C78B2B5995B900CD046B /* Assets.xcassets */; };
		E665C78F2B5995B900CD046B /* Preview Assets.xcassets in Resources */ = {isa = PBXBuildFile; fileRef = E665C78E2B5995B900CD046B /* Preview Assets.xcassets */; };
		E665C7972B59991800CD046B /* HeaderView.swift in Sources */ = {isa = PBXBuildFile; fileRef = E665C7962B59991800CD046B /* HeaderView.swift */; };
		E665C7992B59993600CD046B /* CarouselView.swift in Sources */ = {isa = PBXBuildFile; fileRef = E665C7982B59993600CD046B /* CarouselView.swift */; };
		E665C79C2B59999C00CD046B /* MediaItem.swift in Sources */ = {isa = PBXBuildFile; fileRef = E665C79B2B59999C00CD046B /* MediaItem.swift */; };
		E665C79E2B5999B500CD046B /* CarouselCardView.swift in Sources */ = {isa = PBXBuildFile; fileRef = E665C79D2B5999B500CD046B /* CarouselCardView.swift */; };
		E665C7A22B59A0FF00CD046B /* CGFloat+Extensions.swift in Sources */ = {isa = PBXBuildFile; fileRef = E665C7A12B59A0FF00CD046B /* CGFloat+Extensions.swift */; };
		E665C7A42B59A40300CD046B /* HomeSectionView.swift in Sources */ = {isa = PBXBuildFile; fileRef = E665C7A32B59A40300CD046B /* HomeSectionView.swift */; };
		E665C7A72B59A47000CD046B /* MediaItemColumnView.swift in Sources */ = {isa = PBXBuildFile; fileRef = E665C7A62B59A47000CD046B /* MediaItemColumnView.swift */; };
		E665C7A92B59A4AF00CD046B /* CarouselItem.swift in Sources */ = {isa = PBXBuildFile; fileRef = E665C7A82B59A4AF00CD046B /* CarouselItem.swift */; };
		E665C7AC2B59A76500CD046B /* MediaManager.swift in Sources */ = {isa = PBXBuildFile; fileRef = E665C7AB2B59A76500CD046B /* MediaManager.swift */; };
		E665C7AE2B59A90400CD046B /* HomeSection.swift in Sources */ = {isa = PBXBuildFile; fileRef = E665C7AD2B59A90400CD046B /* HomeSection.swift */; };
		E665C7B02B59AB5F00CD046B /* ContinueWatchingMediaItemColumnView.swift in Sources */ = {isa = PBXBuildFile; fileRef = E665C7AF2B59AB5F00CD046B /* ContinueWatchingMediaItemColumnView.swift */; };
		E665C7B22B59B4AB00CD046B /* TopItemsSectionView.swift in Sources */ = {isa = PBXBuildFile; fileRef = E665C7B12B59B4AB00CD046B /* TopItemsSectionView.swift */; };
		E665C7B42B59B4CE00CD046B /* TopItemsSection.swift in Sources */ = {isa = PBXBuildFile; fileRef = E665C7B32B59B4CE00CD046B /* TopItemsSection.swift */; };
		E665C7B62B59B53E00CD046B /* TopItemRowView.swift in Sources */ = {isa = PBXBuildFile; fileRef = E665C7B52B59B53E00CD046B /* TopItemRowView.swift */; };
		E665C7B82B59C72C00CD046B /* MediaItemView.swift in Sources */ = {isa = PBXBuildFile; fileRef = E665C7B72B59C72C00CD046B /* MediaItemView.swift */; };
		E665C7BA2B59E99F00CD046B /* NavigationType.swift in Sources */ = {isa = PBXBuildFile; fileRef = E665C7B92B59E99F00CD046B /* NavigationType.swift */; };
		E665C7BD2B59E9CB00CD046B /* ProfileView.swift in Sources */ = {isa = PBXBuildFile; fileRef = E665C7BC2B59E9CB00CD046B /* ProfileView.swift */; };
		E665C7C02B59EA5D00CD046B /* ProfileManager.swift in Sources */ = {isa = PBXBuildFile; fileRef = E665C7BF2B59EA5D00CD046B /* ProfileManager.swift */; };
		E665C7C22B59EA7F00CD046B /* Account.swift in Sources */ = {isa = PBXBuildFile; fileRef = E665C7C12B59EA7F00CD046B /* Account.swift */; };
		E665C7C52B59F9B300CD046B /* UpdatesView.swift in Sources */ = {isa = PBXBuildFile; fileRef = E665C7C42B59F9B200CD046B /* UpdatesView.swift */; };
		E665C7C82B5A036000CD046B /* HomeView.swift in Sources */ = {isa = PBXBuildFile; fileRef = E665C7C72B5A036000CD046B /* HomeView.swift */; };
		E665C7CA2B5A038300CD046B /* MainTabView.swift in Sources */ = {isa = PBXBuildFile; fileRef = E665C7C92B5A038300CD046B /* MainTabView.swift */; };
		E665C7CC2B5A03AB00CD046B /* MaxNavigationView.swift in Sources */ = {isa = PBXBuildFile; fileRef = E665C7CB2B5A03AB00CD046B /* MaxNavigationView.swift */; };
		E665C7CE2B5A054700CD046B /* MyStuffView.swift in Sources */ = {isa = PBXBuildFile; fileRef = E665C7CD2B5A054700CD046B /* MyStuffView.swift */; };
		E665C7D12B5A16A100CD046B /* MyListView.swift in Sources */ = {isa = PBXBuildFile; fileRef = E665C7D02B5A16A100CD046B /* MyListView.swift */; };
		E665C7D42B5A16E900CD046B /* MyStuffContinueWatchingView.swift in Sources */ = {isa = PBXBuildFile; fileRef = E665C7D32B5A16E900CD046B /* MyStuffContinueWatchingView.swift */; };
		E665C7D62B5A180300CD046B /* MediaItemRowView.swift in Sources */ = {isa = PBXBuildFile; fileRef = E665C7D52B5A180300CD046B /* MediaItemRowView.swift */; };
		E665C7D82B5A19B000CD046B /* ContinueWatchingMediaItemRowView.swift in Sources */ = {isa = PBXBuildFile; fileRef = E665C7D72B5A19B000CD046B /* ContinueWatchingMediaItemRowView.swift */; };
		E665C7DB2B5A275100CD046B /* MyStuffOptionsView.swift in Sources */ = {isa = PBXBuildFile; fileRef = E665C7DA2B5A275100CD046B /* MyStuffOptionsView.swift */; };
		E665C7DD2B5A277200CD046B /* MyStuffHeaderView.swift in Sources */ = {isa = PBXBuildFile; fileRef = E665C7DC2B5A277200CD046B /* MyStuffHeaderView.swift */; };
		E665C7DF2B5A279D00CD046B /* GradientBackground.swift in Sources */ = {isa = PBXBuildFile; fileRef = E665C7DE2B5A279D00CD046B /* GradientBackground.swift */; };
		E665C7E22B5A280500CD046B /* DownloadsView.swift in Sources */ = {isa = PBXBuildFile; fileRef = E665C7E12B5A280500CD046B /* DownloadsView.swift */; };
		E665C7E42B5A288400CD046B /* DownloadHeaderView.swift in Sources */ = {isa = PBXBuildFile; fileRef = E665C7E32B5A288400CD046B /* DownloadHeaderView.swift */; };
		E665C7E62B5A2C4300CD046B /* DownloadItemRowView.swift in Sources */ = {isa = PBXBuildFile; fileRef = E665C7E52B5A2C4300CD046B /* DownloadItemRowView.swift */; };
/* End PBXBuildFile section */

/* Begin PBXFileReference section */
		E665C7842B5995B500CD046B /* maxdemo.app */ = {isa = PBXFileReference; explicitFileType = wrapper.application; includeInIndex = 0; path = maxdemo.app; sourceTree = BUILT_PRODUCTS_DIR; };
		E665C7872B5995B500CD046B /* maxdemoApp.swift */ = {isa = PBXFileReference; lastKnownFileType = sourcecode.swift; path = maxdemoApp.swift; sourceTree = "<group>"; };
		E665C7892B5995B500CD046B /* ContentView.swift */ = {isa = PBXFileReference; lastKnownFileType = sourcecode.swift; path = ContentView.swift; sourceTree = "<group>"; };
		E665C78B2B5995B900CD046B /* Assets.xcassets */ = {isa = PBXFileReference; lastKnownFileType = folder.assetcatalog; path = Assets.xcassets; sourceTree = "<group>"; };
		E665C78E2B5995B900CD046B /* Preview Assets.xcassets */ = {isa = PBXFileReference; lastKnownFileType = folder.assetcatalog; path = "Preview Assets.xcassets"; sourceTree = "<group>"; };
		E665C7962B59991800CD046B /* HeaderView.swift */ = {isa = PBXFileReference; lastKnownFileType = sourcecode.swift; path = HeaderView.swift; sourceTree = "<group>"; };
		E665C7982B59993600CD046B /* CarouselView.swift */ = {isa = PBXFileReference; lastKnownFileType = sourcecode.swift; path = CarouselView.swift; sourceTree = "<group>"; };
		E665C79B2B59999C00CD046B /* MediaItem.swift */ = {isa = PBXFileReference; lastKnownFileType = sourcecode.swift; path = MediaItem.swift; sourceTree = "<group>"; };
		E665C79D2B5999B500CD046B /* CarouselCardView.swift */ = {isa = PBXFileReference; lastKnownFileType = sourcecode.swift; path = CarouselCardView.swift; sourceTree = "<group>"; };
		E665C7A12B59A0FF00CD046B /* CGFloat+Extensions.swift */ = {isa = PBXFileReference; lastKnownFileType = sourcecode.swift; path = "CGFloat+Extensions.swift"; sourceTree = "<group>"; };
		E665C7A32B59A40300CD046B /* HomeSectionView.swift */ = {isa = PBXFileReference; lastKnownFileType = sourcecode.swift; path = HomeSectionView.swift; sourceTree = "<group>"; };
		E665C7A62B59A47000CD046B /* MediaItemColumnView.swift */ = {isa = PBXFileReference; lastKnownFileType = sourcecode.swift; path = MediaItemColumnView.swift; sourceTree = "<group>"; };
		E665C7A82B59A4AF00CD046B /* CarouselItem.swift */ = {isa = PBXFileReference; lastKnownFileType = sourcecode.swift; path = CarouselItem.swift; sourceTree = "<group>"; };
		E665C7AB2B59A76500CD046B /* MediaManager.swift */ = {isa = PBXFileReference; lastKnownFileType = sourcecode.swift; path = MediaManager.swift; sourceTree = "<group>"; };
		E665C7AD2B59A90400CD046B /* HomeSection.swift */ = {isa = PBXFileReference; lastKnownFileType = sourcecode.swift; path = HomeSection.swift; sourceTree = "<group>"; };
		E665C7AF2B59AB5F00CD046B /* ContinueWatchingMediaItemColumnView.swift */ = {isa = PBXFileReference; lastKnownFileType = sourcecode.swift; path = ContinueWatchingMediaItemColumnView.swift; sourceTree = "<group>"; };
		E665C7B12B59B4AB00CD046B /* TopItemsSectionView.swift */ = {isa = PBXFileReference; lastKnownFileType = sourcecode.swift; path = TopItemsSectionView.swift; sourceTree = "<group>"; };
		E665C7B32B59B4CE00CD046B /* TopItemsSection.swift */ = {isa = PBXFileReference; lastKnownFileType = sourcecode.swift; path = TopItemsSection.swift; sourceTree = "<group>"; };
		E665C7B52B59B53E00CD046B /* TopItemRowView.swift */ = {isa = PBXFileReference; lastKnownFileType = sourcecode.swift; path = TopItemRowView.swift; sourceTree = "<group>"; };
		E665C7B72B59C72C00CD046B /* MediaItemView.swift */ = {isa = PBXFileReference; lastKnownFileType = sourcecode.swift; path = MediaItemView.swift; sourceTree = "<group>"; };
		E665C7B92B59E99F00CD046B /* NavigationType.swift */ = {isa = PBXFileReference; lastKnownFileType = sourcecode.swift; path = NavigationType.swift; sourceTree = "<group>"; };
		E665C7BC2B59E9CB00CD046B /* ProfileView.swift */ = {isa = PBXFileReference; lastKnownFileType = sourcecode.swift; path = ProfileView.swift; sourceTree = "<group>"; };
		E665C7BF2B59EA5D00CD046B /* ProfileManager.swift */ = {isa = PBXFileReference; lastKnownFileType = sourcecode.swift; path = ProfileManager.swift; sourceTree = "<group>"; };
		E665C7C12B59EA7F00CD046B /* Account.swift */ = {isa = PBXFileReference; lastKnownFileType = sourcecode.swift; path = Account.swift; sourceTree = "<group>"; };
		E665C7C42B59F9B200CD046B /* UpdatesView.swift */ = {isa = PBXFileReference; lastKnownFileType = sourcecode.swift; path = UpdatesView.swift; sourceTree = "<group>"; };
		E665C7C72B5A036000CD046B /* HomeView.swift */ = {isa = PBXFileReference; lastKnownFileType = sourcecode.swift; path = HomeView.swift; sourceTree = "<group>"; };
		E665C7C92B5A038300CD046B /* MainTabView.swift */ = {isa = PBXFileReference; lastKnownFileType = sourcecode.swift; path = MainTabView.swift; sourceTree = "<group>"; };
		E665C7CB2B5A03AB00CD046B /* MaxNavigationView.swift */ = {isa = PBXFileReference; lastKnownFileType = sourcecode.swift; path = MaxNavigationView.swift; sourceTree = "<group>"; };
		E665C7CD2B5A054700CD046B /* MyStuffView.swift */ = {isa = PBXFileReference; lastKnownFileType = sourcecode.swift; path = MyStuffView.swift; sourceTree = "<group>"; };
		E665C7D02B5A16A100CD046B /* MyListView.swift */ = {isa = PBXFileReference; lastKnownFileType = sourcecode.swift; path = MyListView.swift; sourceTree = "<group>"; };
		E665C7D32B5A16E900CD046B /* MyStuffContinueWatchingView.swift */ = {isa = PBXFileReference; lastKnownFileType = sourcecode.swift; path = MyStuffContinueWatchingView.swift; sourceTree = "<group>"; };
		E665C7D52B5A180300CD046B /* MediaItemRowView.swift */ = {isa = PBXFileReference; lastKnownFileType = sourcecode.swift; path = MediaItemRowView.swift; sourceTree = "<group>"; };
		E665C7D72B5A19B000CD046B /* ContinueWatchingMediaItemRowView.swift */ = {isa = PBXFileReference; lastKnownFileType = sourcecode.swift; path = ContinueWatchingMediaItemRowView.swift; sourceTree = "<group>"; };
		E665C7DA2B5A275100CD046B /* MyStuffOptionsView.swift */ = {isa = PBXFileReference; lastKnownFileType = sourcecode.swift; path = MyStuffOptionsView.swift; sourceTree = "<group>"; };
		E665C7DC2B5A277200CD046B /* MyStuffHeaderView.swift */ = {isa = PBXFileReference; lastKnownFileType = sourcecode.swift; path = MyStuffHeaderView.swift; sourceTree = "<group>"; };
		E665C7DE2B5A279D00CD046B /* GradientBackground.swift */ = {isa = PBXFileReference; lastKnownFileType = sourcecode.swift; path = GradientBackground.swift; sourceTree = "<group>"; };
		E665C7E12B5A280500CD046B /* DownloadsView.swift */ = {isa = PBXFileReference; lastKnownFileType = sourcecode.swift; path = DownloadsView.swift; sourceTree = "<group>"; };
		E665C7E32B5A288400CD046B /* DownloadHeaderView.swift */ = {isa = PBXFileReference; lastKnownFileType = sourcecode.swift; path = DownloadHeaderView.swift; sourceTree = "<group>"; };
		E665C7E52B5A2C4300CD046B /* DownloadItemRowView.swift */ = {isa = PBXFileReference; lastKnownFileType = sourcecode.swift; path = DownloadItemRowView.swift; sourceTree = "<group>"; };
/* End PBXFileReference section */

/* Begin PBXFrameworksBuildPhase section */
		E665C7812B5995B500CD046B /* Frameworks */ = {
			isa = PBXFrameworksBuildPhase;
			buildActionMask = 2147483647;
			files = (
			);
			runOnlyForDeploymentPostprocessing = 0;
		};
/* End PBXFrameworksBuildPhase section */

/* Begin PBXGroup section */
		E665C77B2B5995B500CD046B = {
			isa = PBXGroup;
			children = (
				E665C7862B5995B500CD046B /* maxdemo */,
				E665C7852B5995B500CD046B /* Products */,
			);
			sourceTree = "<group>";
		};
		E665C7852B5995B500CD046B /* Products */ = {
			isa = PBXGroup;
			children = (
				E665C7842B5995B500CD046B /* maxdemo.app */,
			);
			name = Products;
			sourceTree = "<group>";
		};
		E665C7862B5995B500CD046B /* maxdemo */ = {
			isa = PBXGroup;
			children = (
				E665C7AA2B59A75500CD046B /* Manager */,
				E665C7A02B59A0F100CD046B /* Resources */,
				E665C79A2B59998900CD046B /* Models */,
				E665C7952B59990B00CD046B /* Views */,
				E665C7872B5995B500CD046B /* maxdemoApp.swift */,
				E665C7892B5995B500CD046B /* ContentView.swift */,
				E665C78B2B5995B900CD046B /* Assets.xcassets */,
				E665C78D2B5995B900CD046B /* Preview Content */,
			);
			path = maxdemo;
			sourceTree = "<group>";
		};
		E665C78D2B5995B900CD046B /* Preview Content */ = {
			isa = PBXGroup;
			children = (
				E665C78E2B5995B900CD046B /* Preview Assets.xcassets */,
			);
			path = "Preview Content";
			sourceTree = "<group>";
		};
		E665C7952B59990B00CD046B /* Views */ = {
			isa = PBXGroup;
			children = (
				E665C7C62B5A035300CD046B /* MainTabs */,
				E665C7C32B59F9A600CD046B /* Updates */,
				E665C7BB2B59E9BC00CD046B /* Profile */,
				E665C7A52B59A44700CD046B /* Media */,
				E665C79F2B5999C400CD046B /* Carousel */,
				E665C7962B59991800CD046B /* HeaderView.swift */,
			);
			path = Views;
			sourceTree = "<group>";
		};
		E665C79A2B59998900CD046B /* Models */ = {
			isa = PBXGroup;
			children = (
				E665C79B2B59999C00CD046B /* MediaItem.swift */,
				E665C7A82B59A4AF00CD046B /* CarouselItem.swift */,
				E665C7AD2B59A90400CD046B /* HomeSection.swift */,
				E665C7B32B59B4CE00CD046B /* TopItemsSection.swift */,
				E665C7B92B59E99F00CD046B /* NavigationType.swift */,
				E665C7C12B59EA7F00CD046B /* Account.swift */,
			);
			path = Models;
			sourceTree = "<group>";
		};
		E665C79F2B5999C400CD046B /* Carousel */ = {
			isa = PBXGroup;
			children = (
				E665C7982B59993600CD046B /* CarouselView.swift */,
				E665C79D2B5999B500CD046B /* CarouselCardView.swift */,
			);
			path = Carousel;
			sourceTree = "<group>";
		};
		E665C7A02B59A0F100CD046B /* Resources */ = {
			isa = PBXGroup;
			children = (
				E665C7A12B59A0FF00CD046B /* CGFloat+Extensions.swift */,
				E665C7DE2B5A279D00CD046B /* GradientBackground.swift */,
			);
			path = Resources;
			sourceTree = "<group>";
		};
		E665C7A52B59A44700CD046B /* Media */ = {
			isa = PBXGroup;
			children = (
				E665C7D92B5A19BD00CD046B /* RowsColumns */,
				E665C7A32B59A40300CD046B /* HomeSectionView.swift */,
				E665C7B72B59C72C00CD046B /* MediaItemView.swift */,
				E665C7B52B59B53E00CD046B /* TopItemRowView.swift */,
				E665C7B12B59B4AB00CD046B /* TopItemsSectionView.swift */,
			);
			path = Media;
			sourceTree = "<group>";
		};
		E665C7AA2B59A75500CD046B /* Manager */ = {
			isa = PBXGroup;
			children = (
				E665C7AB2B59A76500CD046B /* MediaManager.swift */,
				E665C7BF2B59EA5D00CD046B /* ProfileManager.swift */,
			);
			path = Manager;
			sourceTree = "<group>";
		};
		E665C7BB2B59E9BC00CD046B /* Profile */ = {
			isa = PBXGroup;
			children = (
				E665C7BC2B59E9CB00CD046B /* ProfileView.swift */,
			);
			path = Profile;
			sourceTree = "<group>";
		};
		E665C7C32B59F9A600CD046B /* Updates */ = {
			isa = PBXGroup;
			children = (
				E665C7C42B59F9B200CD046B /* UpdatesView.swift */,
			);
			path = Updates;
			sourceTree = "<group>";
		};
		E665C7C62B5A035300CD046B /* MainTabs */ = {
			isa = PBXGroup;
			children = (
				E665C7E02B5A27F500CD046B /* Downloads */,
				E665C7CF2B5A169000CD046B /* MyStuff */,
				E665C7C72B5A036000CD046B /* HomeView.swift */,
				E665C7C92B5A038300CD046B /* MainTabView.swift */,
				E665C7CB2B5A03AB00CD046B /* MaxNavigationView.swift */,
			);
			path = MainTabs;
			sourceTree = "<group>";
		};
		E665C7CF2B5A169000CD046B /* MyStuff */ = {
			isa = PBXGroup;
			children = (
				E665C7CD2B5A054700CD046B /* MyStuffView.swift */,
				E665C7D02B5A16A100CD046B /* MyListView.swift */,
				E665C7D32B5A16E900CD046B /* MyStuffContinueWatchingView.swift */,
				E665C7DA2B5A275100CD046B /* MyStuffOptionsView.swift */,
				E665C7DC2B5A277200CD046B /* MyStuffHeaderView.swift */,
			);
			path = MyStuff;
			sourceTree = "<group>";
		};
		E665C7D92B5A19BD00CD046B /* RowsColumns */ = {
			isa = PBXGroup;
			children = (
				E665C7A62B59A47000CD046B /* MediaItemColumnView.swift */,
				E665C7D52B5A180300CD046B /* MediaItemRowView.swift */,
				E665C7AF2B59AB5F00CD046B /* ContinueWatchingMediaItemColumnView.swift */,
				E665C7D72B5A19B000CD046B /* ContinueWatchingMediaItemRowView.swift */,
			);
			path = RowsColumns;
			sourceTree = "<group>";
		};
		E665C7E02B5A27F500CD046B /* Downloads */ = {
			isa = PBXGroup;
			children = (
				E665C7E12B5A280500CD046B /* DownloadsView.swift */,
				E665C7E32B5A288400CD046B /* DownloadHeaderView.swift */,
				E665C7E52B5A2C4300CD046B /* DownloadItemRowView.swift */,
			);
			path = Downloads;
			sourceTree = "<group>";
		};
/* End PBXGroup section */

/* Begin PBXNativeTarget section */
		E665C7832B5995B500CD046B /* maxdemo */ = {
			isa = PBXNativeTarget;
			buildConfigurationList = E665C7922B5995B900CD046B /* Build configuration list for PBXNativeTarget "maxdemo" */;
			buildPhases = (
				E665C7802B5995B500CD046B /* Sources */,
				E665C7812B5995B500CD046B /* Frameworks */,
				E665C7822B5995B500CD046B /* Resources */,
			);
			buildRules = (
			);
			dependencies = (
			);
			name = maxdemo;
			productName = maxdemo;
			productReference = E665C7842B5995B500CD046B /* maxdemo.app */;
			productType = "com.apple.product-type.application";
		};
/* End PBXNativeTarget section */

/* Begin PBXProject section */
		E665C77C2B5995B500CD046B /* Project object */ = {
			isa = PBXProject;
			attributes = {
				BuildIndependentTargetsInParallel = 1;
				LastSwiftUpdateCheck = 1500;
				LastUpgradeCheck = 1500;
				TargetAttributes = {
					E665C7832B5995B500CD046B = {
						CreatedOnToolsVersion = 15.0.1;
					};
				};
			};
			buildConfigurationList = E665C77F2B5995B500CD046B /* Build configuration list for PBXProject "maxdemo" */;
			compatibilityVersion = "Xcode 14.0";
			developmentRegion = en;
			hasScannedForEncodings = 0;
			knownRegions = (
				en,
				Base,
			);
			mainGroup = E665C77B2B5995B500CD046B;
			productRefGroup = E665C7852B5995B500CD046B /* Products */;
			projectDirPath = "";
			projectRoot = "";
			targets = (
				E665C7832B5995B500CD046B /* maxdemo */,
			);
		};
/* End PBXProject section */

/* Begin PBXResourcesBuildPhase section */
		E665C7822B5995B500CD046B /* Resources */ = {
			isa = PBXResourcesBuildPhase;
			buildActionMask = 2147483647;
			files = (
				E665C78F2B5995B900CD046B /* Preview Assets.xcassets in Resources */,
				E665C78C2B5995B900CD046B /* Assets.xcassets in Resources */,
			);
			runOnlyForDeploymentPostprocessing = 0;
		};
/* End PBXResourcesBuildPhase section */

/* Begin PBXSourcesBuildPhase section */
		E665C7802B5995B500CD046B /* Sources */ = {
			isa = PBXSourcesBuildPhase;
			buildActionMask = 2147483647;
			files = (
				E665C7AC2B59A76500CD046B /* MediaManager.swift in Sources */,
				E665C78A2B5995B500CD046B /* ContentView.swift in Sources */,
				E665C7E22B5A280500CD046B /* DownloadsView.swift in Sources */,
				E665C7D42B5A16E900CD046B /* MyStuffContinueWatchingView.swift in Sources */,
				E665C7E42B5A288400CD046B /* DownloadHeaderView.swift in Sources */,
				E665C7AE2B59A90400CD046B /* HomeSection.swift in Sources */,
				E665C7DD2B5A277200CD046B /* MyStuffHeaderView.swift in Sources */,
				E665C7DF2B5A279D00CD046B /* GradientBackground.swift in Sources */,
				E665C7A42B59A40300CD046B /* HomeSectionView.swift in Sources */,
				E665C7B62B59B53E00CD046B /* TopItemRowView.swift in Sources */,
				E665C7972B59991800CD046B /* HeaderView.swift in Sources */,
				E665C79E2B5999B500CD046B /* CarouselCardView.swift in Sources */,
				E665C7992B59993600CD046B /* CarouselView.swift in Sources */,
				E665C7B02B59AB5F00CD046B /* ContinueWatchingMediaItemColumnView.swift in Sources */,
				E665C7C52B59F9B300CD046B /* UpdatesView.swift in Sources */,
				E665C7B42B59B4CE00CD046B /* TopItemsSection.swift in Sources */,
				E665C7DB2B5A275100CD046B /* MyStuffOptionsView.swift in Sources */,
				E665C7CA2B5A038300CD046B /* MainTabView.swift in Sources */,
				E665C79C2B59999C00CD046B /* MediaItem.swift in Sources */,
				E665C7C02B59EA5D00CD046B /* ProfileManager.swift in Sources */,
				E665C7CE2B5A054700CD046B /* MyStuffView.swift in Sources */,
				E665C7D12B5A16A100CD046B /* MyListView.swift in Sources */,
				E665C7E62B5A2C4300CD046B /* DownloadItemRowView.swift in Sources */,
				E665C7D82B5A19B000CD046B /* ContinueWatchingMediaItemRowView.swift in Sources */,
				E665C7882B5995B500CD046B /* maxdemoApp.swift in Sources */,
				E665C7A72B59A47000CD046B /* MediaItemColumnView.swift in Sources */,
				E665C7D62B5A180300CD046B /* MediaItemRowView.swift in Sources */,
				E665C7B22B59B4AB00CD046B /* TopItemsSectionView.swift in Sources */,
				E665C7A92B59A4AF00CD046B /* CarouselItem.swift in Sources */,
				E665C7A22B59A0FF00CD046B /* CGFloat+Extensions.swift in Sources */,
				E665C7BD2B59E9CB00CD046B /* ProfileView.swift in Sources */,
				E665C7B82B59C72C00CD046B /* MediaItemView.swift in Sources */,
				E665C7BA2B59E99F00CD046B /* NavigationType.swift in Sources */,
				E665C7CC2B5A03AB00CD046B /* MaxNavigationView.swift in Sources */,
				E665C7C82B5A036000CD046B /* HomeView.swift in Sources */,
				E665C7C22B59EA7F00CD046B /* Account.swift in Sources */,
			);
			runOnlyForDeploymentPostprocessing = 0;
		};
/* End PBXSourcesBuildPhase section */

/* Begin XCBuildConfiguration section */
		E665C7902B5995B900CD046B /* Debug */ = {
			isa = XCBuildConfiguration;
			buildSettings = {
				ALWAYS_SEARCH_USER_PATHS = NO;
				ASSETCATALOG_COMPILER_GENERATE_SWIFT_ASSET_SYMBOL_EXTENSIONS = YES;
				CLANG_ANALYZER_NONNULL = YES;
				CLANG_ANALYZER_NUMBER_OBJECT_CONVERSION = YES_AGGRESSIVE;
				CLANG_CXX_LANGUAGE_STANDARD = "gnu++20";
				CLANG_ENABLE_MODULES = YES;
				CLANG_ENABLE_OBJC_ARC = YES;
				CLANG_ENABLE_OBJC_WEAK = YES;
				CLANG_WARN_BLOCK_CAPTURE_AUTORELEASING = YES;
				CLANG_WARN_BOOL_CONVERSION = YES;
				CLANG_WARN_COMMA = YES;
				CLANG_WARN_CONSTANT_CONVERSION = YES;
				CLANG_WARN_DEPRECATED_OBJC_IMPLEMENTATIONS = YES;
				CLANG_WARN_DIRECT_OBJC_ISA_USAGE = YES_ERROR;
				CLANG_WARN_DOCUMENTATION_COMMENTS = YES;
				CLANG_WARN_EMPTY_BODY = YES;
				CLANG_WARN_ENUM_CONVERSION = YES;
				CLANG_WARN_INFINITE_RECURSION = YES;
				CLANG_WARN_INT_CONVERSION = YES;
				CLANG_WARN_NON_LITERAL_NULL_CONVERSION = YES;
				CLANG_WARN_OBJC_IMPLICIT_RETAIN_SELF = YES;
				CLANG_WARN_OBJC_LITERAL_CONVERSION = YES;
				CLANG_WARN_OBJC_ROOT_CLASS = YES_ERROR;
				CLANG_WARN_QUOTED_INCLUDE_IN_FRAMEWORK_HEADER = YES;
				CLANG_WARN_RANGE_LOOP_ANALYSIS = YES;
				CLANG_WARN_STRICT_PROTOTYPES = YES;
				CLANG_WARN_SUSPICIOUS_MOVE = YES;
				CLANG_WARN_UNGUARDED_AVAILABILITY = YES_AGGRESSIVE;
				CLANG_WARN_UNREACHABLE_CODE = YES;
				CLANG_WARN__DUPLICATE_METHOD_MATCH = YES;
				COPY_PHASE_STRIP = NO;
				DEBUG_INFORMATION_FORMAT = dwarf;
				ENABLE_STRICT_OBJC_MSGSEND = YES;
				ENABLE_TESTABILITY = YES;
				ENABLE_USER_SCRIPT_SANDBOXING = YES;
				GCC_C_LANGUAGE_STANDARD = gnu17;
				GCC_DYNAMIC_NO_PIC = NO;
				GCC_NO_COMMON_BLOCKS = YES;
				GCC_OPTIMIZATION_LEVEL = 0;
				GCC_PREPROCESSOR_DEFINITIONS = (
					"DEBUG=1",
					"$(inherited)",
				);
				GCC_WARN_64_TO_32_BIT_CONVERSION = YES;
				GCC_WARN_ABOUT_RETURN_TYPE = YES_ERROR;
				GCC_WARN_UNDECLARED_SELECTOR = YES;
				GCC_WARN_UNINITIALIZED_AUTOS = YES_AGGRESSIVE;
				GCC_WARN_UNUSED_FUNCTION = YES;
				GCC_WARN_UNUSED_VARIABLE = YES;
				IPHONEOS_DEPLOYMENT_TARGET = 17.0;
				LOCALIZATION_PREFERS_STRING_CATALOGS = YES;
				MTL_ENABLE_DEBUG_INFO = INCLUDE_SOURCE;
				MTL_FAST_MATH = YES;
				ONLY_ACTIVE_ARCH = YES;
				SDKROOT = iphoneos;
				SWIFT_ACTIVE_COMPILATION_CONDITIONS = "DEBUG $(inherited)";
				SWIFT_OPTIMIZATION_LEVEL = "-Onone";
			};
			name = Debug;
		};
		E665C7912B5995B900CD046B /* Release */ = {
			isa = XCBuildConfiguration;
			buildSettings = {
				ALWAYS_SEARCH_USER_PATHS = NO;
				ASSETCATALOG_COMPILER_GENERATE_SWIFT_ASSET_SYMBOL_EXTENSIONS = YES;
				CLANG_ANALYZER_NONNULL = YES;
				CLANG_ANALYZER_NUMBER_OBJECT_CONVERSION = YES_AGGRESSIVE;
				CLANG_CXX_LANGUAGE_STANDARD = "gnu++20";
				CLANG_ENABLE_MODULES = YES;
				CLANG_ENABLE_OBJC_ARC = YES;
				CLANG_ENABLE_OBJC_WEAK = YES;
				CLANG_WARN_BLOCK_CAPTURE_AUTORELEASING = YES;
				CLANG_WARN_BOOL_CONVERSION = YES;
				CLANG_WARN_COMMA = YES;
				CLANG_WARN_CONSTANT_CONVERSION = YES;
				CLANG_WARN_DEPRECATED_OBJC_IMPLEMENTATIONS = YES;
				CLANG_WARN_DIRECT_OBJC_ISA_USAGE = YES_ERROR;
				CLANG_WARN_DOCUMENTATION_COMMENTS = YES;
				CLANG_WARN_EMPTY_BODY = YES;
				CLANG_WARN_ENUM_CONVERSION = YES;
				CLANG_WARN_INFINITE_RECURSION = YES;
				CLANG_WARN_INT_CONVERSION = YES;
				CLANG_WARN_NON_LITERAL_NULL_CONVERSION = YES;
				CLANG_WARN_OBJC_IMPLICIT_RETAIN_SELF = YES;
				CLANG_WARN_OBJC_LITERAL_CONVERSION = YES;
				CLANG_WARN_OBJC_ROOT_CLASS = YES_ERROR;
				CLANG_WARN_QUOTED_INCLUDE_IN_FRAMEWORK_HEADER = YES;
				CLANG_WARN_RANGE_LOOP_ANALYSIS = YES;
				CLANG_WARN_STRICT_PROTOTYPES = YES;
				CLANG_WARN_SUSPICIOUS_MOVE = YES;
				CLANG_WARN_UNGUARDED_AVAILABILITY = YES_AGGRESSIVE;
				CLANG_WARN_UNREACHABLE_CODE = YES;
				CLANG_WARN__DUPLICATE_METHOD_MATCH = YES;
				COPY_PHASE_STRIP = NO;
				DEBUG_INFORMATION_FORMAT = "dwarf-with-dsym";
				ENABLE_NS_ASSERTIONS = NO;
				ENABLE_STRICT_OBJC_MSGSEND = YES;
				ENABLE_USER_SCRIPT_SANDBOXING = YES;
				GCC_C_LANGUAGE_STANDARD = gnu17;
				GCC_NO_COMMON_BLOCKS = YES;
				GCC_WARN_64_TO_32_BIT_CONVERSION = YES;
				GCC_WARN_ABOUT_RETURN_TYPE = YES_ERROR;
				GCC_WARN_UNDECLARED_SELECTOR = YES;
				GCC_WARN_UNINITIALIZED_AUTOS = YES_AGGRESSIVE;
				GCC_WARN_UNUSED_FUNCTION = YES;
				GCC_WARN_UNUSED_VARIABLE = YES;
				IPHONEOS_DEPLOYMENT_TARGET = 17.0;
				LOCALIZATION_PREFERS_STRING_CATALOGS = YES;
				MTL_ENABLE_DEBUG_INFO = NO;
				MTL_FAST_MATH = YES;
				SDKROOT = iphoneos;
				SWIFT_COMPILATION_MODE = wholemodule;
				VALIDATE_PRODUCT = YES;
			};
			name = Release;
		};
		E665C7932B5995B900CD046B /* Debug */ = {
			isa = XCBuildConfiguration;
			buildSettings = {
				ASSETCATALOG_COMPILER_APPICON_NAME = AppIcon;
				ASSETCATALOG_COMPILER_GLOBAL_ACCENT_COLOR_NAME = AccentColor;
				CODE_SIGN_STYLE = Automatic;
				CURRENT_PROJECT_VERSION = 1;
				DEVELOPMENT_ASSET_PATHS = "\"maxdemo/Preview Content\"";
				DEVELOPMENT_TEAM = VY9FRH555S;
				ENABLE_PREVIEWS = YES;
				GENERATE_INFOPLIST_FILE = YES;
				INFOPLIST_KEY_UIApplicationSceneManifest_Generation = YES;
				INFOPLIST_KEY_UIApplicationSupportsIndirectInputEvents = YES;
				INFOPLIST_KEY_UILaunchScreen_Generation = YES;
				INFOPLIST_KEY_UISupportedInterfaceOrientations_iPad = "UIInterfaceOrientationPortrait UIInterfaceOrientationPortraitUpsideDown UIInterfaceOrientationLandscapeLeft UIInterfaceOrientationLandscapeRight";
				INFOPLIST_KEY_UISupportedInterfaceOrientations_iPhone = "UIInterfaceOrientationPortrait UIInterfaceOrientationLandscapeLeft UIInterfaceOrientationLandscapeRight";
				IPHONEOS_DEPLOYMENT_TARGET = 16.2;
				LD_RUNPATH_SEARCH_PATHS = (
					"$(inherited)",
					"@executable_path/Frameworks",
				);
				MARKETING_VERSION = 1.0;
				PRODUCT_BUNDLE_IDENTIFIER = ryan.maxdemo;
				PRODUCT_NAME = "$(TARGET_NAME)";
				SWIFT_EMIT_LOC_STRINGS = YES;
				SWIFT_VERSION = 5.0;
				TARGETED_DEVICE_FAMILY = "1,2";
			};
			name = Debug;
		};
		E665C7942B5995B900CD046B /* Release */ = {
			isa = XCBuildConfiguration;
			buildSettings = {
				ASSETCATALOG_COMPILER_APPICON_NAME = AppIcon;
				ASSETCATALOG_COMPILER_GLOBAL_ACCENT_COLOR_NAME = AccentColor;
				CODE_SIGN_STYLE = Automatic;
				CURRENT_PROJECT_VERSION = 1;
				DEVELOPMENT_ASSET_PATHS = "\"maxdemo/Preview Content\"";
				DEVELOPMENT_TEAM = VY9FRH555S;
				ENABLE_PREVIEWS = YES;
				GENERATE_INFOPLIST_FILE = YES;
				INFOPLIST_KEY_UIApplicationSceneManifest_Generation = YES;
				INFOPLIST_KEY_UIApplicationSupportsIndirectInputEvents = YES;
				INFOPLIST_KEY_UILaunchScreen_Generation = YES;
				INFOPLIST_KEY_UISupportedInterfaceOrientations_iPad = "UIInterfaceOrientationPortrait UIInterfaceOrientationPortraitUpsideDown UIInterfaceOrientationLandscapeLeft UIInterfaceOrientationLandscapeRight";
				INFOPLIST_KEY_UISupportedInterfaceOrientations_iPhone = "UIInterfaceOrientationPortrait UIInterfaceOrientationLandscapeLeft UIInterfaceOrientationLandscapeRight";
				IPHONEOS_DEPLOYMENT_TARGET = 16.2;
				LD_RUNPATH_SEARCH_PATHS = (
					"$(inherited)",
					"@executable_path/Frameworks",
				);
				MARKETING_VERSION = 1.0;
				PRODUCT_BUNDLE_IDENTIFIER = ryan.maxdemo;
				PRODUCT_NAME = "$(TARGET_NAME)";
				SWIFT_EMIT_LOC_STRINGS = YES;
				SWIFT_VERSION = 5.0;
				TARGETED_DEVICE_FAMILY = "1,2";
			};
			name = Release;
		};
/* End XCBuildConfiguration section */

/* Begin XCConfigurationList section */
		E665C77F2B5995B500CD046B /* Build configuration list for PBXProject "maxdemo" */ = {
			isa = XCConfigurationList;
			buildConfigurations = (
				E665C7902B5995B900CD046B /* Debug */,
				E665C7912B5995B900CD046B /* Release */,
			);
			defaultConfigurationIsVisible = 0;
			defaultConfigurationName = Release;
		};
		E665C7922B5995B900CD046B /* Build configuration list for PBXNativeTarget "maxdemo" */ = {
			isa = XCConfigurationList;
			buildConfigurations = (
				E665C7932B5995B900CD046B /* Debug */,
				E665C7942B5995B900CD046B /* Release */,
			);
			defaultConfigurationIsVisible = 0;
			defaultConfigurationName = Release;
		};
/* End XCConfigurationList section */
	};
	rootObject = E665C77C2B5995B500CD046B /* Project object */;
}
